// !$*UTF8*$!
{
	archiveVersion = 1;
	classes = {
	};
	objectVersion = 46;
	objects = {

/* Begin PBXBuildFile section */
		F8D00C741A3F26E4000F1F8B /* main.m in Sources */ = {isa = PBXBuildFile; fileRef = F8D00C731A3F26E4000F1F8B /* main.m */; };
		F8D00C771A3F26E4000F1F8B /* AppDelegate.m in Sources */ = {isa = PBXBuildFile; fileRef = F8D00C761A3F26E4000F1F8B /* AppDelegate.m */; };
		F8D00C7A1A3F26E4000F1F8B /* ViewController.m in Sources */ = {isa = PBXBuildFile; fileRef = F8D00C791A3F26E4000F1F8B /* ViewController.m */; };
		F8D00C7D1A3F26E4000F1F8B /* Main.storyboard in Resources */ = {isa = PBXBuildFile; fileRef = F8D00C7B1A3F26E4000F1F8B /* Main.storyboard */; };
		F8D00C7F1A3F26E4000F1F8B /* Images.xcassets in Resources */ = {isa = PBXBuildFile; fileRef = F8D00C7E1A3F26E4000F1F8B /* Images.xcassets */; };
		F8D00C821A3F26E4000F1F8B /* LaunchScreen.xib in Resources */ = {isa = PBXBuildFile; fileRef = F8D00C801A3F26E4000F1F8B /* LaunchScreen.xib */; };
		F8D00C8E1A3F26E4000F1F8B /* BBSliderTests.m in Sources */ = {isa = PBXBuildFile; fileRef = F8D00C8D1A3F26E4000F1F8B /* BBSliderTests.m */; };
		F8D00C9C1A3F4282000F1F8B /* BBSlider.m in Sources */ = {isa = PBXBuildFile; fileRef = F8D00C9B1A3F4282000F1F8B /* BBSlider.m */; };
/* End PBXBuildFile section */

/* Begin PBXContainerItemProxy section */
		F8D00C881A3F26E4000F1F8B /* PBXContainerItemProxy */ = {
			isa = PBXContainerItemProxy;
			containerPortal = F8D00C661A3F26E4000F1F8B /* Project object */;
			proxyType = 1;
			remoteGlobalIDString = F8D00C6D1A3F26E4000F1F8B;
			remoteInfo = BBSlider;
		};
/* End PBXContainerItemProxy section */

/* Begin PBXFileReference section */
		F8D00C6E1A3F26E4000F1F8B /* BBSlider.app */ = {isa = PBXFileReference; explicitFileType = wrapper.application; includeInIndex = 0; path = BBSlider.app; sourceTree = BUILT_PRODUCTS_DIR; };
		F8D00C721A3F26E4000F1F8B /* Info.plist */ = {isa = PBXFileReference; lastKnownFileType = text.plist.xml; path = Info.plist; sourceTree = "<group>"; };
		F8D00C731A3F26E4000F1F8B /* main.m */ = {isa = PBXFileReference; lastKnownFileType = sourcecode.c.objc; path = main.m; sourceTree = "<group>"; };
		F8D00C751A3F26E4000F1F8B /* AppDelegate.h */ = {isa = PBXFileReference; lastKnownFileType = sourcecode.c.h; path = AppDelegate.h; sourceTree = "<group>"; };
		F8D00C761A3F26E4000F1F8B /* AppDelegate.m */ = {isa = PBXFileReference; lastKnownFileType = sourcecode.c.objc; path = AppDelegate.m; sourceTree = "<group>"; };
		F8D00C781A3F26E4000F1F8B /* ViewController.h */ = {isa = PBXFileReference; lastKnownFileType = sourcecode.c.h; path = ViewController.h; sourceTree = "<group>"; };
		F8D00C791A3F26E4000F1F8B /* ViewController.m */ = {isa = PBXFileReference; lastKnownFileType = sourcecode.c.objc; path = ViewController.m; sourceTree = "<group>"; };
		F8D00C7C1A3F26E4000F1F8B /* Base */ = {isa = PBXFileReference; lastKnownFileType = file.storyboard; name = Base; path = Base.lproj/Main.storyboard; sourceTree = "<group>"; };
		F8D00C7E1A3F26E4000F1F8B /* Images.xcassets */ = {isa = PBXFileReference; lastKnownFileType = folder.assetcatalog; path = Images.xcassets; sourceTree = "<group>"; };
		F8D00C811A3F26E4000F1F8B /* Base */ = {isa = PBXFileReference; lastKnownFileType = file.xib; name = Base; path = Base.lproj/LaunchScreen.xib; sourceTree = "<group>"; };
		F8D00C871A3F26E4000F1F8B /* BBSliderTests.xctest */ = {isa = PBXFileReference; explicitFileType = wrapper.cfbundle; includeInIndex = 0; path = BBSliderTests.xctest; sourceTree = BUILT_PRODUCTS_DIR; };
		F8D00C8C1A3F26E4000F1F8B /* Info.plist */ = {isa = PBXFileReference; lastKnownFileType = text.plist.xml; path = Info.plist; sourceTree = "<group>"; };
		F8D00C8D1A3F26E4000F1F8B /* BBSliderTests.m */ = {isa = PBXFileReference; lastKnownFileType = sourcecode.c.objc; path = BBSliderTests.m; sourceTree = "<group>"; };
		F8D00C9A1A3F4282000F1F8B /* BBSlider.h */ = {isa = PBXFileReference; fileEncoding = 4; lastKnownFileType = sourcecode.c.h; path = BBSlider.h; sourceTree = "<group>"; };
		F8D00C9B1A3F4282000F1F8B /* BBSlider.m */ = {isa = PBXFileReference; fileEncoding = 4; lastKnownFileType = sourcecode.c.objc; path = BBSlider.m; sourceTree = "<group>"; };
/* End PBXFileReference section */

/* Begin PBXFrameworksBuildPhase section */
		F8D00C6B1A3F26E4000F1F8B /* Frameworks */ = {
			isa = PBXFrameworksBuildPhase;
			buildActionMask = 2147483647;
			files = (
			);
			runOnlyForDeploymentPostprocessing = 0;
		};
		F8D00C841A3F26E4000F1F8B /* Frameworks */ = {
			isa = PBXFrameworksBuildPhase;
			buildActionMask = 2147483647;
			files = (
			);
			runOnlyForDeploymentPostprocessing = 0;
		};
/* End PBXFrameworksBuildPhase section */

/* Begin PBXGroup section */
		F8D00C651A3F26E4000F1F8B = {
			isa = PBXGroup;
			children = (
				F8D00C701A3F26E4000F1F8B /* BBSlider */,
				F8D00C8A1A3F26E4000F1F8B /* BBSliderTests */,
				F8D00C6F1A3F26E4000F1F8B /* Products */,
			);
			sourceTree = "<group>";
		};
		F8D00C6F1A3F26E4000F1F8B /* Products */ = {
			isa = PBXGroup;
			children = (
				F8D00C6E1A3F26E4000F1F8B /* BBSlider.app */,
				F8D00C871A3F26E4000F1F8B /* BBSliderTests.xctest */,
			);
			name = Products;
			sourceTree = "<group>";
		};
		F8D00C701A3F26E4000F1F8B /* BBSlider */ = {
			isa = PBXGroup;
			children = (
				F8D00C991A3F4266000F1F8B /* BBSlider */,
				F8D00C751A3F26E4000F1F8B /* AppDelegate.h */,
				F8D00C761A3F26E4000F1F8B /* AppDelegate.m */,
				F8D00C781A3F26E4000F1F8B /* ViewController.h */,
				F8D00C791A3F26E4000F1F8B /* ViewController.m */,
				F8D00C7B1A3F26E4000F1F8B /* Main.storyboard */,
				F8D00C7E1A3F26E4000F1F8B /* Images.xcassets */,
				F8D00C801A3F26E4000F1F8B /* LaunchScreen.xib */,
				F8D00C711A3F26E4000F1F8B /* Supporting Files */,
			);
			path = BBSlider;
			sourceTree = "<group>";
		};
		F8D00C711A3F26E4000F1F8B /* Supporting Files */ = {
			isa = PBXGroup;
			children = (
				F8D00C721A3F26E4000F1F8B /* Info.plist */,
				F8D00C731A3F26E4000F1F8B /* main.m */,
			);
			name = "Supporting Files";
			sourceTree = "<group>";
		};
		F8D00C8A1A3F26E4000F1F8B /* BBSliderTests */ = {
			isa = PBXGroup;
			children = (
				F8D00C8D1A3F26E4000F1F8B /* BBSliderTests.m */,
				F8D00C8B1A3F26E4000F1F8B /* Supporting Files */,
			);
			path = BBSliderTests;
			sourceTree = "<group>";
		};
		F8D00C8B1A3F26E4000F1F8B /* Supporting Files */ = {
			isa = PBXGroup;
			children = (
				F8D00C8C1A3F26E4000F1F8B /* Info.plist */,
			);
			name = "Supporting Files";
			sourceTree = "<group>";
		};
		F8D00C991A3F4266000F1F8B /* BBSlider */ = {
			isa = PBXGroup;
			children = (
				F8D00C9A1A3F4282000F1F8B /* BBSlider.h */,
				F8D00C9B1A3F4282000F1F8B /* BBSlider.m */,
			);
			name = BBSlider;
			sourceTree = "<group>";
		};
/* End PBXGroup section */

/* Begin PBXNativeTarget section */
		F8D00C6D1A3F26E4000F1F8B /* BBSlider */ = {
			isa = PBXNativeTarget;
			buildConfigurationList = F8D00C911A3F26E4000F1F8B /* Build configuration list for PBXNativeTarget "BBSlider" */;
			buildPhases = (
				F8D00C6A1A3F26E4000F1F8B /* Sources */,
				F8D00C6B1A3F26E4000F1F8B /* Frameworks */,
				F8D00C6C1A3F26E4000F1F8B /* Resources */,
			);
			buildRules = (
			);
			dependencies = (
			);
			name = BBSlider;
			productName = BBSlider;
			productReference = F8D00C6E1A3F26E4000F1F8B /* BBSlider.app */;
			productType = "com.apple.product-type.application";
		};
		F8D00C861A3F26E4000F1F8B /* BBSliderTests */ = {
			isa = PBXNativeTarget;
			buildConfigurationList = F8D00C941A3F26E4000F1F8B /* Build configuration list for PBXNativeTarget "BBSliderTests" */;
			buildPhases = (
				F8D00C831A3F26E4000F1F8B /* Sources */,
				F8D00C841A3F26E4000F1F8B /* Frameworks */,
				F8D00C851A3F26E4000F1F8B /* Resources */,
			);
			buildRules = (
			);
			dependencies = (
				F8D00C891A3F26E4000F1F8B /* PBXTargetDependency */,
			);
			name = BBSliderTests;
			productName = BBSliderTests;
			productReference = F8D00C871A3F26E4000F1F8B /* BBSliderTests.xctest */;
			productType = "com.apple.product-type.bundle.unit-test";
		};
/* End PBXNativeTarget section */

/* Begin PBXProject section */
		F8D00C661A3F26E4000F1F8B /* Project object */ = {
			isa = PBXProject;
			attributes = {
				LastUpgradeCheck = 0610;
				ORGANIZATIONNAME = star;
				TargetAttributes = {
					F8D00C6D1A3F26E4000F1F8B = {
						CreatedOnToolsVersion = 6.1.1;
					};
					F8D00C861A3F26E4000F1F8B = {
						CreatedOnToolsVersion = 6.1.1;
						TestTargetID = F8D00C6D1A3F26E4000F1F8B;
					};
				};
			};
			buildConfigurationList = F8D00C691A3F26E4000F1F8B /* Build configuration list for PBXProject "BBSlider" */;
			compatibilityVersion = "Xcode 3.2";
			developmentRegion = English;
			hasScannedForEncodings = 0;
			knownRegions = (
				en,
				Base,
			);
			mainGroup = F8D00C651A3F26E4000F1F8B;
			productRefGroup = F8D00C6F1A3F26E4000F1F8B /* Products */;
			projectDirPath = "";
			projectRoot = "";
			targets = (
				F8D00C6D1A3F26E4000F1F8B /* BBSlider */,
				F8D00C861A3F26E4000F1F8B /* BBSliderTests */,
			);
		};
/* End PBXProject section */

/* Begin PBXResourcesBuildPhase section */
		F8D00C6C1A3F26E4000F1F8B /* Resources */ = {
			isa = PBXResourcesBuildPhase;
			buildActionMask = 2147483647;
			files = (
				F8D00C7D1A3F26E4000F1F8B /* Main.storyboard in Resources */,
				F8D00C821A3F26E4000F1F8B /* LaunchScreen.xib in Resources */,
				F8D00C7F1A3F26E4000F1F8B /* Images.xcassets in Resources */,
			);
			runOnlyForDeploymentPostprocessing = 0;
		};
		F8D00C851A3F26E4000F1F8B /* Resources */ = {
			isa = PBXResourcesBuildPhase;
			buildActionMask = 2147483647;
			files = (
			);
			runOnlyForDeploymentPostprocessing = 0;
		};
/* End PBXResourcesBuildPhase section */

/* Begin PBXSourcesBuildPhase section */
		F8D00C6A1A3F26E4000F1F8B /* Sources */ = {
			isa = PBXSourcesBuildPhase;
			buildActionMask = 2147483647;
			files = (
				F8D00C9C1A3F4282000F1F8B /* BBSlider.m in Sources */,
				F8D00C7A1A3F26E4000F1F8B /* ViewController.m in Sources */,
				F8D00C771A3F26E4000F1F8B /* AppDelegate.m in Sources */,
				F8D00C741A3F26E4000F1F8B /* main.m in Sources */,
			);
			runOnlyForDeploymentPostprocessing = 0;
		};
		F8D00C831A3F26E4000F1F8B /* Sources */ = {
			isa = PBXSourcesBuildPhase;
			buildActionMask = 2147483647;
			files = (
				F8D00C8E1A3F26E4000F1F8B /* BBSliderTests.m in Sources */,
			);
			runOnlyForDeploymentPostprocessing = 0;
		};
/* End PBXSourcesBuildPhase section */

/* Begin PBXTargetDependency section */
		F8D00C891A3F26E4000F1F8B /* PBXTargetDependency */ = {
			isa = PBXTargetDependency;
			target = F8D00C6D1A3F26E4000F1F8B /* BBSlider */;
			targetProxy = F8D00C881A3F26E4000F1F8B /* PBXContainerItemProxy */;
		};
/* End PBXTargetDependency section */

/* Begin PBXVariantGroup section */
		F8D00C7B1A3F26E4000F1F8B /* Main.storyboard */ = {
			isa = PBXVariantGroup;
			children = (
				F8D00C7C1A3F26E4000F1F8B /* Base */,
			);
			name = Main.storyboard;
			sourceTree = "<group>";
		};
		F8D00C801A3F26E4000F1F8B /* LaunchScreen.xib */ = {
			isa = PBXVariantGroup;
			children = (
				F8D00C811A3F26E4000F1F8B /* Base */,
			);
			name = LaunchScreen.xib;
			sourceTree = "<group>";
		};
/* End PBXVariantGroup section */

/* Begin XCBuildConfiguration section */
		F8D00C8F1A3F26E4000F1F8B /* Debug */ = {
			isa = XCBuildConfiguration;
			buildSettings = {
				ALWAYS_SEARCH_USER_PATHS = NO;
				CLANG_CXX_LANGUAGE_STANDARD = "gnu++0x";
				CLANG_CXX_LIBRARY = "libc++";
				CLANG_ENABLE_MODULES = YES;
				CLANG_ENABLE_OBJC_ARC = YES;
				CLANG_WARN_BOOL_CONVERSION = YES;
				CLANG_WARN_CONSTANT_CONVERSION = YES;
				CLANG_WARN_DIRECT_OBJC_ISA_USAGE = YES_ERROR;
				CLANG_WARN_EMPTY_BODY = YES;
				CLANG_WARN_ENUM_CONVERSION = YES;
				CLANG_WARN_INT_CONVERSION = YES;
				CLANG_WARN_OBJC_ROOT_CLASS = YES_ERROR;
				CLANG_WARN_UNREACHABLE_CODE = YES;
				CLANG_WARN__DUPLICATE_METHOD_MATCH = YES;
				"CODE_SIGN_IDENTITY[sdk=iphoneos*]" = "iPhone Developer";
				COPY_PHASE_STRIP = NO;
				ENABLE_STRICT_OBJC_MSGSEND = YES;
				GCC_C_LANGUAGE_STANDARD = gnu99;
				GCC_DYNAMIC_NO_PIC = NO;
				GCC_OPTIMIZATION_LEVEL = 0;
				GCC_PREPROCESSOR_DEFINITIONS = (
					"DEBUG=1",
					"$(inherited)",
				);
				GCC_SYMBOLS_PRIVATE_EXTERN = NO;
				GCC_WARN_64_TO_32_BIT_CONVERSION = YES;
				GCC_WARN_ABOUT_RETURN_TYPE = YES_ERROR;
				GCC_WARN_UNDECLARED_SELECTOR = YES;
				GCC_WARN_UNINITIALIZED_AUTOS = YES_AGGRESSIVE;
				GCC_WARN_UNUSED_FUNCTION = YES;
				GCC_WARN_UNUSED_VARIABLE = YES;
				IPHONEOS_DEPLOYMENT_TARGET = 8.1;
				MTL_ENABLE_DEBUG_INFO = YES;
				ONLY_ACTIVE_ARCH = YES;
				SDKROOT = iphoneos;
				TARGETED_DEVICE_FAMILY = "1,2";
			};
			name = Debug;
		};
		F8D00C901A3F26E4000F1F8B /* Release */ = {
			isa = XCBuildConfiguration;
			buildSettings = {
				ALWAYS_SEARCH_USER_PATHS = NO;
				CLANG_CXX_LANGUAGE_STANDARD = "gnu++0x";
				CLANG_CXX_LIBRARY = "libc++";
				CLANG_ENABLE_MODULES = YES;
				CLANG_ENABLE_OBJC_ARC = YES;
				CLANG_WARN_BOOL_CONVERSION = YES;
				CLANG_WARN_CONSTANT_CONVERSION = YES;
				CLANG_WARN_DIRECT_OBJC_ISA_USAGE = YES_ERROR;
				CLANG_WARN_EMPTY_BODY = YES;
				CLANG_WARN_ENUM_CONVERSION = YES;
				CLANG_WARN_INT_CONVERSION = YES;
				CLANG_WARN_OBJC_ROOT_CLASS = YES_ERROR;
				CLANG_WARN_UNREACHABLE_CODE = YES;
				CLANG_WARN__DUPLICATE_METHOD_MATCH = YES;
				"CODE_SIGN_IDENTITY[sdk=iphoneos*]" = "iPhone Developer";
				COPY_PHASE_STRIP = YES;
				ENABLE_NS_ASSERTIONS = NO;
				ENABLE_STRICT_OBJC_MSGSEND = YES;
				GCC_C_LANGUAGE_STANDARD = gnu99;
				GCC_WARN_64_TO_32_BIT_CONVERSION = YES;
				GCC_WARN_ABOUT_RETURN_TYPE = YES_ERROR;
				GCC_WARN_UNDECLARED_SELECTOR = YES;
				GCC_WARN_UNINITIALIZED_AUTOS = YES_AGGRESSIVE;
				GCC_WARN_UNUSED_FUNCTION = YES;
				GCC_WARN_UNUSED_VARIABLE = YES;
				IPHONEOS_DEPLOYMENT_TARGET = 8.1;
				MTL_ENABLE_DEBUG_INFO = NO;
				SDKROOT = iphoneos;
				TARGETED_DEVICE_FAMILY = "1,2";
				VALIDATE_PRODUCT = YES;
			};
			name = Release;
		};
		F8D00C921A3F26E4000F1F8B /* Debug */ = {
			isa = XCBuildConfiguration;
			buildSettings = {
				ASSETCATALOG_COMPILER_APPICON_NAME = AppIcon;
				INFOPLIST_FILE = BBSlider/Info.plist;
				LD_RUNPATH_SEARCH_PATHS = "$(inherited) @executable_path/Frameworks";
				PRODUCT_NAME = "$(TARGET_NAME)";
				TARGETED_DEVICE_FAMILY = 1;
			};
			name = Debug;
		};
		F8D00C931A3F26E4000F1F8B /* Release */ = {
			isa = XCBuildConfiguration;
			buildSettings = {
				ASSETCATALOG_COMPILER_APPICON_NAME = AppIcon;
				INFOPLIST_FILE = BBSlider/Info.plist;
				LD_RUNPATH_SEARCH_PATHS = "$(inherited) @executable_path/Frameworks";
				PRODUCT_NAME = "$(TARGET_NAME)";
				TARGETED_DEVICE_FAMILY = 1;
			};
			name = Release;
		};
		F8D00C951A3F26E4000F1F8B /* Debug */ = {
			isa = XCBuildConfiguration;
			buildSettings = {
				BUNDLE_LOADER = "$(TEST_HOST)";
				FRAMEWORK_SEARCH_PATHS = (
					"$(SDKROOT)/Developer/Library/Frameworks",
					"$(inherited)",
				);
				GCC_PREPROCESSOR_DEFINITIONS = (
					"DEBUG=1",
					"$(inherited)",
				);
				INFOPLIST_FILE = BBSliderTests/Info.plist;
				LD_RUNPATH_SEARCH_PATHS = "$(inherited) @executable_path/Frameworks @loader_path/Frameworks";
				PRODUCT_NAME = "$(TARGET_NAME)";
				TEST_HOST = "$(BUILT_PRODUCTS_DIR)/BBSlider.app/BBSlider";
			};
			name = Debug;
		};
		F8D00C961A3F26E4000F1F8B /* Release */ = {
			isa = XCBuildConfiguration;
			buildSettings = {
				BUNDLE_LOADER = "$(TEST_HOST)";
				FRAMEWORK_SEARCH_PATHS = (
					"$(SDKROOT)/Developer/Library/Frameworks",
					"$(inherited)",
				);
				INFOPLIST_FILE = BBSliderTests/Info.plist;
				LD_RUNPATH_SEARCH_PATHS = "$(inherited) @executable_path/Frameworks @loader_path/Frameworks";
				PRODUCT_NAME = "$(TARGET_NAME)";
				TEST_HOST = "$(BUILT_PRODUCTS_DIR)/BBSlider.app/BBSlider";
			};
			name = Release;
		};
/* End XCBuildConfiguration section */

/* Begin XCConfigurationList section */
		F8D00C691A3F26E4000F1F8B /* Build configuration list for PBXProject "BBSlider" */ = {
			isa = XCConfigurationList;
			buildConfigurations = (
				F8D00C8F1A3F26E4000F1F8B /* Debug */,
				F8D00C901A3F26E4000F1F8B /* Release */,
			);
			defaultConfigurationIsVisible = 0;
			defaultConfigurationName = Release;
		};
		F8D00C911A3F26E4000F1F8B /* Build configuration list for PBXNativeTarget "BBSlider" */ = {
			isa = XCConfigurationList;
			buildConfigurations = (
				F8D00C921A3F26E4000F1F8B /* Debug */,
				F8D00C931A3F26E4000F1F8B /* Release */,
			);
			defaultConfigurationIsVisible = 0;
			defaultConfigurationName = Release;
		};
		F8D00C941A3F26E4000F1F8B /* Build configuration list for PBXNativeTarget "BBSliderTests" */ = {
			isa = XCConfigurationList;
			buildConfigurations = (
				F8D00C951A3F26E4000F1F8B /* Debug */,
				F8D00C961A3F26E4000F1F8B /* Release */,
			);
			defaultConfigurationIsVisible = 0;
			defaultConfigurationName = Release;
		};
/* End XCConfigurationList section */
	};
	rootObject = F8D00C661A3F26E4000F1F8B /* Project object */;
}
